
Microsoft Visual Studio Solution File, Format Version 11.00
# Visual Studio 2010
Project("{FAE04EC0-301F-11D3-BF4B-00C04F79EFBC}") = "DentistExtractor", "DentistExtractor\DentistExtractor.csproj", "{5E7034BA-CC74-4675-8D5A-8DE54E57251D}"
EndProject
Project("{FAE04EC0-301F-11D3-BF4B-00C04F79EFBC}") = "CarDealerExtractor", "CarDealerExtractor\CarDealerExtractor.csproj", "{2898E3AD-103C-4897-BAC2-B308A1998629}"
EndProject
Project("{FAE04EC0-301F-11D3-BF4B-00C04F79EFBC}") = "DBImporter", "DBImporter\DBImporter.csproj", "{6BEE8377-BED2-41F9-8F4A-414A1818B9F0}"
EndProject
Global
	GlobalSection(SolutionConfigurationPlatforms) = preSolution
		Debug|x86 = Debug|x86
		Release|x86 = Release|x86
	EndGlobalSection
	GlobalSection(ProjectConfigurationPlatforms) = postSolution
		{5E7034BA-CC74-4675-8D5A-8DE54E57251D}.Debug|x86.ActiveCfg = Debug|x86
		{5E7034BA-CC74-4675-8D5A-8DE54E57251D}.Debug|x86.Build.0 = Debug|x86
		{5E7034BA-CC74-4675-8D5A-8DE54E57251D}.Release|x86.ActiveCfg = Release|x86
		{5E7034BA-CC74-4675-8D5A-8DE54E57251D}.Release|x86.Build.0 = Release|x86
		{2898E3AD-103C-4897-BAC2-B308A1998629}.Debug|x86.ActiveCfg = Debug|x86
		{2898E3AD-103C-4897-BAC2-B308A1998629}.Debug|x86.Build.0 = Debug|x86
		{2898E3AD-103C-4897-BAC2-B308A1998629}.Release|x86.ActiveCfg = Release|x86
		{2898E3AD-103C-4897-BAC2-B308A1998629}.Release|x86.Build.0 = Release|x86
		{6BEE8377-BED2-41F9-8F4A-414A1818B9F0}.Debug|x86.ActiveCfg = Debug|x86
		{6BEE8377-BED2-41F9-8F4A-414A1818B9F0}.Debug|x86.Build.0 = Debug|x86
		{6BEE8377-BED2-41F9-8F4A-414A1818B9F0}.Release|x86.ActiveCfg = Release|x86
		{6BEE8377-BED2-41F9-8F4A-414A1818B9F0}.Release|x86.Build.0 = Release|x86
	EndGlobalSection
	GlobalSection(SolutionProperties) = preSolution
		HideSolutionNode = FALSE
	EndGlobalSection
EndGlobal
